
Microsoft Visual Studio Solution File, Format Version 12.00
# Visual Studio 14
VisualStudioVersion = 14.0.25420.1
MinimumVisualStudioVersion = 10.0.40219.1
Project("{FAE04EC0-301F-11D3-BF4B-00C04F79EFBC}") = "OldView", "Practice_Interfaces\OldView.csproj", "{D784EE47-274F-4984-8913-48BDEF836ADA}"
EndProject
Project("{FAE04EC0-301F-11D3-BF4B-00C04F79EFBC}") = "Domain", "Domain\Domain.csproj", "{DBCE5B20-3162-4705-B276-2E834BC810D1}"
EndProject
Project("{FAE04EC0-301F-11D3-BF4B-00C04F79EFBC}") = "BL", "BL\BL.csproj", "{1773026A-79B7-4974-A56C-0BA2118D1838}"
EndProject
Project("{FAE04EC0-301F-11D3-BF4B-00C04F79EFBC}") = "TouristView", "TouristView\TouristView.csproj", "{47EA9889-7F04-4DE0-8AA0-DB33FA42DEC9}"
EndProject
Global
	GlobalSection(SolutionConfigurationPlatforms) = preSolution
		Debug|Any CPU = Debug|Any CPU
		Release|Any CPU = Release|Any CPU
	EndGlobalSection
	GlobalSection(ProjectConfigurationPlatforms) = postSolution
		{D784EE47-274F-4984-8913-48BDEF836ADA}.Debug|Any CPU.ActiveCfg = Debug|Any CPU
		{D784EE47-274F-4984-8913-48BDEF836ADA}.Debug|Any CPU.Build.0 = Debug|Any CPU
		{D784EE47-274F-4984-8913-48BDEF836ADA}.Release|Any CPU.ActiveCfg = Release|Any CPU
		{D784EE47-274F-4984-8913-48BDEF836ADA}.Release|Any CPU.Build.0 = Release|Any CPU
		{DBCE5B20-3162-4705-B276-2E834BC810D1}.Debug|Any CPU.ActiveCfg = Debug|Any CPU
		{DBCE5B20-3162-4705-B276-2E834BC810D1}.Debug|Any CPU.Build.0 = Debug|Any CPU
		{DBCE5B20-3162-4705-B276-2E834BC810D1}.Release|Any CPU.ActiveCfg = Release|Any CPU
		{DBCE5B20-3162-4705-B276-2E834BC810D1}.Release|Any CPU.Build.0 = Release|Any CPU
		{1773026A-79B7-4974-A56C-0BA2118D1838}.Debug|Any CPU.ActiveCfg = Debug|Any CPU
		{1773026A-79B7-4974-A56C-0BA2118D1838}.Debug|Any CPU.Build.0 = Debug|Any CPU
		{1773026A-79B7-4974-A56C-0BA2118D1838}.Release|Any CPU.ActiveCfg = Release|Any CPU
		{1773026A-79B7-4974-A56C-0BA2118D1838}.Release|Any CPU.Build.0 = Release|Any CPU
		{47EA9889-7F04-4DE0-8AA0-DB33FA42DEC9}.Debug|Any CPU.ActiveCfg = Debug|Any CPU
		{47EA9889-7F04-4DE0-8AA0-DB33FA42DEC9}.Debug|Any CPU.Build.0 = Debug|Any CPU
		{47EA9889-7F04-4DE0-8AA0-DB33FA42DEC9}.Release|Any CPU.ActiveCfg = Release|Any CPU
		{47EA9889-7F04-4DE0-8AA0-DB33FA42DEC9}.Release|Any CPU.Build.0 = Release|Any CPU
	EndGlobalSection
	GlobalSection(SolutionProperties) = preSolution
		HideSolutionNode = FALSE
	EndGlobalSection
EndGlobal
